# This file is automatically @generated by Cargo.
# It is not intended for manual editing.
version = 4

[[package]]
name = "control_algorithms"
version = "0.1.0"
dependencies = [
 "rust_helper_tools",
]

[[package]]
name = "rust_helper_tools"
version = "0.1.0"
source = "git+https://github.com/CarrotyLemons/rust_helper_tools.git#5a0bec55965a69d4e161fa49d91fcca632599c0d"
